{
  "name": "promise-pool-playground",
  "version": "1.0.0",
  "lockfileVersion": 2,
  "requires": true,
  "packages": {
    "": {
      "name": "promise-pool-playground",
      "version": "1.0.0",
      "license": "ISC",
      "dependencies": {
        "@supercharge/promise-pool": "^2.0.0"
      }
    },
    "node_modules/@supercharge/promise-pool": {
      "version": "2.0.0",
      "resolved": "https://registry.npmjs.org/@supercharge/promise-pool/-/promise-pool-2.0.0.tgz",
      "integrity": "sha512-j6J0MFycKPB8wv+hxnYYxi+4KIyKvkdQC3apkZ242ZOD2INWMrAW57Acyl/0RX78fj6upiSq3VssnW0Fx4H5IA==",
      "engines": {
        "node": ">=8"
      }
    }
  },
  "dependencies": {
    "@supercharge/promise-pool": {
      "version": "2.0.0",
      "resolved": "https://registry.npmjs.org/@supercharge/promise-pool/-/promise-pool-2.0.0.tgz",
      "integrity": "sha512-j6J0MFycKPB8wv+hxnYYxi+4KIyKvkdQC3apkZ242ZOD2INWMrAW57Acyl/0RX78fj6upiSq3VssnW0Fx4H5IA=="
    }
  }
}
